
Microsoft Visual Studio Solution File, Format Version 12.00
# Visual Studio Version 17
VisualStudioVersion = 17.13.35825.156
MinimumVisualStudioVersion = 10.0.40219.1
Project("{8BC9CEB8-8B4A-11D0-8D11-00A0C91BC942}") = "SkinCut", "SkinCut\SkinCut.vcxproj", "{E6F37342-F83B-45D6-A93B-37DD893EEE3A}"
EndProject
Global
	GlobalSection(SolutionConfigurationPlatforms) = preSolution
		Debug|x64 = Debug|x64
		Debug|x86 = Debug|x86
		Release|x64 = Release|x64
		Release|x86 = Release|x86
	EndGlobalSection
	GlobalSection(ProjectConfigurationPlatforms) = postSolution
		{E6F37342-F83B-45D6-A93B-37DD893EEE3A}.Debug|x64.ActiveCfg = Debug|x64
		{E6F37342-F83B-45D6-A93B-37DD893EEE3A}.Debug|x64.Build.0 = Debug|x64
		{E6F37342-F83B-45D6-A93B-37DD893EEE3A}.Debug|x86.ActiveCfg = Debug|Win32
		{E6F37342-F83B-45D6-A93B-37DD893EEE3A}.Debug|x86.Build.0 = Debug|Win32
		{E6F37342-F83B-45D6-A93B-37DD893EEE3A}.Release|x64.ActiveCfg = Release|x64
		{E6F37342-F83B-45D6-A93B-37DD893EEE3A}.Release|x64.Build.0 = Release|x64
		{E6F37342-F83B-45D6-A93B-37DD893EEE3A}.Release|x86.ActiveCfg = Release|Win32
		{E6F37342-F83B-45D6-A93B-37DD893EEE3A}.Release|x86.Build.0 = Release|Win32
	EndGlobalSection
	GlobalSection(SolutionProperties) = preSolution
		HideSolutionNode = FALSE
	EndGlobalSection
	GlobalSection(ExtensibilityGlobals) = postSolution
		SolutionGuid = {0F1440E2-1D32-446D-B408-2E673EFD37E9}
	EndGlobalSection
EndGlobal
