<?xml version="1.0" encoding="utf-8"?>
<Project ToolsVersion="4.0" xmlns="http://schemas.microsoft.com/developer/msbuild/2003">
  <ItemGroup>
    <None Include="cpp.hint" />
    <None Include="Libraries\DirectXTK\Src\Shaders\DGSLLambert.hlsl">
      <Filter>Libraries\DirectXTK\Src\Shaders</Filter>
    </None>
    <None Include="Libraries\DirectXTK\Src\Shaders\Common.fxh">
      <Filter>Libraries\DirectXTK\Src\Shaders\Shared</Filter>
    </None>
    <None Include="Libraries\DirectXTK\Src\Shaders\Lighting.fxh">
      <Filter>Libraries\DirectXTK\Src\Shaders\Shared</Filter>
    </None>
    <None Include="Libraries\DirectXTK\Src\Shaders\PBRCommon.fxh">
      <Filter>Libraries\DirectXTK\Src\Shaders\Shared</Filter>
    </None>
    <None Include="Libraries\DirectXTK\Src\Shaders\PixelPacking_Velocity.hlsli">
      <Filter>Libraries\DirectXTK\Src\Shaders\Shared</Filter>
    </None>
    <None Include="Libraries\DirectXTK\Src\Shaders\Skinning.fxh">
      <Filter>Libraries\DirectXTK\Src\Shaders\Shared</Filter>
    </None>
    <None Include="Libraries\DirectXTK\Src\Shaders\Structures.fxh">
      <Filter>Libraries\DirectXTK\Src\Shaders\Shared</Filter>
    </None>
    <None Include="Libraries\DirectXTK\Src\Shaders\Utilities.fxh">
      <Filter>Libraries\DirectXTK\Src\Shaders\Shared</Filter>
    </None>
    <None Include="Libraries\DirectXTK\Src\Shaders\AlphaTestEffect.fx">
      <Filter>Libraries\DirectXTK\Src\Shaders</Filter>
    </None>
    <None Include="Libraries\DirectXTK\Src\Shaders\BasicEffect.fx">
      <Filter>Libraries\DirectXTK\Src\Shaders</Filter>
    </None>
    <None Include="Libraries\DirectXTK\Src\Shaders\DebugEffect.fx">
      <Filter>Libraries\DirectXTK\Src\Shaders</Filter>
    </None>
    <None Include="Libraries\DirectXTK\Src\Shaders\DGSLEffect.fx">
      <Filter>Libraries\DirectXTK\Src\Shaders</Filter>
    </None>
    <None Include="Libraries\DirectXTK\Src\Shaders\DGSLPhong.hlsl">
      <Filter>Libraries\DirectXTK\Src\Shaders</Filter>
    </None>
    <None Include="Libraries\DirectXTK\Src\Shaders\DGSLUnlit.hlsl">
      <Filter>Libraries\DirectXTK\Src\Shaders</Filter>
    </None>
    <None Include="Libraries\DirectXTK\Src\Shaders\DualTextureEffect.fx">
      <Filter>Libraries\DirectXTK\Src\Shaders</Filter>
    </None>
    <None Include="Libraries\DirectXTK\Src\Shaders\EnvironmentMapEffect.fx">
      <Filter>Libraries\DirectXTK\Src\Shaders</Filter>
    </None>
    <None Include="Libraries\DirectXTK\Src\Shaders\NormalMapEffect.fx">
      <Filter>Libraries\DirectXTK\Src\Shaders</Filter>
    </None>
    <None Include="Libraries\DirectXTK\Src\Shaders\PBREffect.fx">
      <Filter>Libraries\DirectXTK\Src\Shaders</Filter>
    </None>
    <None Include="Libraries\DirectXTK\Src\Shaders\PostProcess.fx">
      <Filter>Libraries\DirectXTK\Src\Shaders</Filter>
    </None>
    <None Include="Libraries\DirectXTK\Src\Shaders\SkinnedEffect.fx">
      <Filter>Libraries\DirectXTK\Src\Shaders</Filter>
    </None>
    <None Include="Libraries\DirectXTK\Src\Shaders\SpriteEffect.fx">
      <Filter>Libraries\DirectXTK\Src\Shaders</Filter>
    </None>
    <None Include="Libraries\DirectXTK\Src\Shaders\ToneMap.fx">
      <Filter>Libraries\DirectXTK\Src\Shaders</Filter>
    </None>
    <None Include="Libraries\DirectXTK\Src\TeapotData.inc">
      <Filter>Libraries\DirectXTK\Src\Shared</Filter>
    </None>
    <None Include="Libraries\DirectXTex\Shaders\BC6HEncode.hlsl">
      <Filter>Libraries\DirectXTex\Source Files\Shaders</Filter>
    </None>
    <None Include="Libraries\DirectXTex\Shaders\BC7Encode.hlsl">
      <Filter>Libraries\DirectXTex\Source Files\Shaders</Filter>
    </None>
    <None Include="Libraries\DirectXTex\DirectXTex.inl">
      <Filter>Libraries\DirectXTex\Header Files</Filter>
    </None>
    <None Include="Libraries\DirectXTK\Inc\SimpleMath.inl">
      <Filter>Libraries\DirectXTK\Inc\Shared</Filter>
    </None>
  </ItemGroup>
  <ItemGroup>
    <Filter Include="Libraries">
      <UniqueIdentifier>{e21b5fc7-2565-465e-aff7-8984ae213ea7}</UniqueIdentifier>
    </Filter>
    <Filter Include="Libraries\DirectXTex">
      <UniqueIdentifier>{19b868e3-467e-4a1c-a366-99b096f73d3c}</UniqueIdentifier>
    </Filter>
    <Filter Include="Libraries\DirectXTK">
      <UniqueIdentifier>{61ec0621-e888-46f7-bf7c-d6c8eb23e439}</UniqueIdentifier>
    </Filter>
    <Filter Include="Libraries\ImGui">
      <UniqueIdentifier>{90cc3fe5-d2a3-4ec6-8463-a9d82edc1892}</UniqueIdentifier>
    </Filter>
    <Filter Include="Libraries\SimpleJSON">
      <UniqueIdentifier>{df11ac81-7a35-4505-be16-3db4cf5195b4}</UniqueIdentifier>
    </Filter>
    <Filter Include="Resources">
      <UniqueIdentifier>{a3b4c331-d45d-4344-8844-b91263d9fc44}</UniqueIdentifier>
    </Filter>
    <Filter Include="Shaders">
      <UniqueIdentifier>{cdf410ad-f68e-41e9-9738-60f071542675}</UniqueIdentifier>
    </Filter>
    <Filter Include="Source">
      <UniqueIdentifier>{85d3ee53-2358-4b7e-b077-b70c5f63b79b}</UniqueIdentifier>
    </Filter>
    <Filter Include="Source\Headers">
      <UniqueIdentifier>{a080dabc-267d-477a-8ced-918af4a7761c}</UniqueIdentifier>
    </Filter>
    <Filter Include="Source\Source">
      <UniqueIdentifier>{55623634-2c4a-4a97-85e7-bcf0f1ca7028}</UniqueIdentifier>
    </Filter>
    <Filter Include="Shaders\Headers">
      <UniqueIdentifier>{6feaa899-4026-4018-8cd4-c7e37fe425ca}</UniqueIdentifier>
    </Filter>
    <Filter Include="Shaders\Pixel">
      <UniqueIdentifier>{963e6a2d-a8dc-4151-bc37-43325363c7b0}</UniqueIdentifier>
    </Filter>
    <Filter Include="Shaders\Vertex">
      <UniqueIdentifier>{7a905c14-03ec-4ead-86e7-9efab5623837}</UniqueIdentifier>
    </Filter>
    <Filter Include="Resources\Textures">
      <UniqueIdentifier>{e2902c27-7fbd-40bd-b6f8-f12638e14d73}</UniqueIdentifier>
    </Filter>
    <Filter Include="Libraries\DirectXTK\Inc">
      <UniqueIdentifier>{605b3436-e70b-4fd2-84c6-e69e9441ff1e}</UniqueIdentifier>
    </Filter>
    <Filter Include="Libraries\DirectXTK\Src">
      <UniqueIdentifier>{476421ba-f197-48f8-b61a-969fec4cd37e}</UniqueIdentifier>
    </Filter>
    <Filter Include="Libraries\DirectXTK\Src\Shaders">
      <UniqueIdentifier>{8cd1ee5c-5a2a-4e18-95d4-5faf6d530336}</UniqueIdentifier>
    </Filter>
    <Filter Include="Libraries\DirectXTK\Src\Shaders\Shared">
      <UniqueIdentifier>{9e5e24ea-6dc3-4e18-9398-8f22196f0aed}</UniqueIdentifier>
    </Filter>
    <Filter Include="Libraries\DirectXTK\Src\Shared">
      <UniqueIdentifier>{e0d92561-e096-4181-83c8-4b5f746df9ae}</UniqueIdentifier>
    </Filter>
    <Filter Include="Libraries\DirectXTex\Source Files">
      <UniqueIdentifier>{96145a86-b7d9-4e4b-a3b5-601bad00ebbd}</UniqueIdentifier>
    </Filter>
    <Filter Include="Libraries\DirectXTex\Header Files">
      <UniqueIdentifier>{2f429322-3cfc-4ea3-8260-8985bf9d2249}</UniqueIdentifier>
    </Filter>
    <Filter Include="Libraries\DirectXTex\Source Files\Shaders">
      <UniqueIdentifier>{d8546408-a45e-4d0e-9a7d-451794f1d5c9}</UniqueIdentifier>
    </Filter>
    <Filter Include="Libraries\DirectXTK\Inc\Shared">
      <UniqueIdentifier>{9ca53637-0320-4f73-aab4-db7cd8541c0f}</UniqueIdentifier>
    </Filter>
    <Filter Include="Resources\Fonts">
      <UniqueIdentifier>{a512870e-1a13-44b7-adee-042deb18c114}</UniqueIdentifier>
    </Filter>
    <Filter Include="Resources\Models">
      <UniqueIdentifier>{4e03f327-3681-4f50-b8e1-af75dc6f71b2}</UniqueIdentifier>
    </Filter>
  </ItemGroup>
  <ItemGroup>
    <ClCompile Include="libraries\ImGui\imgui.cpp">
      <Filter>Libraries\ImGui</Filter>
    </ClCompile>
    <ClCompile Include="libraries\SimpleJSON\JSON.cpp">
      <Filter>Libraries\SimpleJSON</Filter>
    </ClCompile>
    <ClCompile Include="libraries\SimpleJSON\JSONValue.cpp">
      <Filter>Libraries\SimpleJSON</Filter>
    </ClCompile>
    <ClCompile Include="Source\Main.cpp">
      <Filter>Source</Filter>
    </ClCompile>
    <ClCompile Include="Source\Application.cpp">
      <Filter>Source\Source</Filter>
    </ClCompile>
    <ClCompile Include="Source\Camera.cpp">
      <Filter>Source\Source</Filter>
    </ClCompile>
    <ClCompile Include="Source\Dashboard.cpp">
      <Filter>Source\Source</Filter>
    </ClCompile>
    <ClCompile Include="Source\Decal.cpp">
      <Filter>Source\Source</Filter>
    </ClCompile>
    <ClCompile Include="Source\FrameBuffer.cpp">
      <Filter>Source\Source</Filter>
    </ClCompile>
    <ClCompile Include="Source\Generator.cpp">
      <Filter>Source\Source</Filter>
    </ClCompile>
    <ClCompile Include="Source\Hash.cpp">
      <Filter>Source\Source</Filter>
    </ClCompile>
    <ClCompile Include="Source\Light.cpp">
      <Filter>Source\Source</Filter>
    </ClCompile>
    <ClCompile Include="Source\Mathematics.cpp">
      <Filter>Source\Source</Filter>
    </ClCompile>
    <ClCompile Include="Source\Mesh.cpp">
      <Filter>Source\Source</Filter>
    </ClCompile>
    <ClCompile Include="Source\Entity.cpp">
      <Filter>Source\Source</Filter>
    </ClCompile>
    <ClCompile Include="Source\Renderer.cpp">
      <Filter>Source\Source</Filter>
    </ClCompile>
    <ClCompile Include="Source\Sampler.cpp">
      <Filter>Source\Source</Filter>
    </ClCompile>
    <ClCompile Include="Source\Shader.cpp">
      <Filter>Source\Source</Filter>
    </ClCompile>
    <ClCompile Include="Source\Stopwatch.cpp">
      <Filter>Source\Source</Filter>
    </ClCompile>
    <ClCompile Include="Source\Target.cpp">
      <Filter>Source\Source</Filter>
    </ClCompile>
    <ClCompile Include="Source\Texture.cpp">
      <Filter>Source\Source</Filter>
    </ClCompile>
    <ClCompile Include="Source\Utility.cpp">
      <Filter>Source\Source</Filter>
    </ClCompile>
    <ClCompile Include="Source\VertexBuffer.cpp">
      <Filter>Source\Source</Filter>
    </ClCompile>
    <ClCompile Include="Libraries\DirectXTK\Src\AlphaTestEffect.cpp">
      <Filter>Libraries\DirectXTK\Src</Filter>
    </ClCompile>
    <ClCompile Include="Libraries\DirectXTK\Src\BasicEffect.cpp">
      <Filter>Libraries\DirectXTK\Src</Filter>
    </ClCompile>
    <ClCompile Include="Libraries\DirectXTK\Src\BasicPostProcess.cpp">
      <Filter>Libraries\DirectXTK\Src</Filter>
    </ClCompile>
    <ClCompile Include="Libraries\DirectXTK\Src\BufferHelpers.cpp">
      <Filter>Libraries\DirectXTK\Src</Filter>
    </ClCompile>
    <ClCompile Include="Libraries\DirectXTK\Src\CommonStates.cpp">
      <Filter>Libraries\DirectXTK\Src</Filter>
    </ClCompile>
    <ClCompile Include="Libraries\DirectXTK\Src\DDSTextureLoader.cpp">
      <Filter>Libraries\DirectXTK\Src</Filter>
    </ClCompile>
    <ClCompile Include="Libraries\DirectXTK\Src\DebugEffect.cpp">
      <Filter>Libraries\DirectXTK\Src</Filter>
    </ClCompile>
    <ClCompile Include="Libraries\DirectXTK\Src\DGSLEffect.cpp">
      <Filter>Libraries\DirectXTK\Src</Filter>
    </ClCompile>
    <ClCompile Include="Libraries\DirectXTK\Src\DGSLEffectFactory.cpp">
      <Filter>Libraries\DirectXTK\Src</Filter>
    </ClCompile>
    <ClCompile Include="Libraries\DirectXTK\Src\DirectXHelpers.cpp">
      <Filter>Libraries\DirectXTK\Src</Filter>
    </ClCompile>
    <ClCompile Include="Libraries\DirectXTK\Src\DualPostProcess.cpp">
      <Filter>Libraries\DirectXTK\Src</Filter>
    </ClCompile>
    <ClCompile Include="Libraries\DirectXTK\Src\DualTextureEffect.cpp">
      <Filter>Libraries\DirectXTK\Src</Filter>
    </ClCompile>
    <ClCompile Include="Libraries\DirectXTK\Src\EffectCommon.cpp">
      <Filter>Libraries\DirectXTK\Src</Filter>
    </ClCompile>
    <ClCompile Include="Libraries\DirectXTK\Src\EffectFactory.cpp">
      <Filter>Libraries\DirectXTK\Src</Filter>
    </ClCompile>
    <ClCompile Include="Libraries\DirectXTK\Src\EnvironmentMapEffect.cpp">
      <Filter>Libraries\DirectXTK\Src</Filter>
    </ClCompile>
    <ClCompile Include="Libraries\DirectXTK\Src\GeometricPrimitive.cpp">
      <Filter>Libraries\DirectXTK\Src</Filter>
    </ClCompile>
    <ClCompile Include="Libraries\DirectXTK\Src\GraphicsMemory.cpp">
      <Filter>Libraries\DirectXTK\Src</Filter>
    </ClCompile>
    <ClCompile Include="Libraries\DirectXTK\Src\Model.cpp">
      <Filter>Libraries\DirectXTK\Src</Filter>
    </ClCompile>
    <ClCompile Include="Libraries\DirectXTK\Src\ModelLoadCMO.cpp">
      <Filter>Libraries\DirectXTK\Src</Filter>
    </ClCompile>
    <ClCompile Include="Libraries\DirectXTK\Src\ModelLoadSDKMESH.cpp">
      <Filter>Libraries\DirectXTK\Src</Filter>
    </ClCompile>
    <ClCompile Include="Libraries\DirectXTK\Src\ModelLoadVBO.cpp">
      <Filter>Libraries\DirectXTK\Src</Filter>
    </ClCompile>
    <ClCompile Include="Libraries\DirectXTK\Src\NormalMapEffect.cpp">
      <Filter>Libraries\DirectXTK\Src</Filter>
    </ClCompile>
    <ClCompile Include="Libraries\DirectXTK\Src\PBREffect.cpp">
      <Filter>Libraries\DirectXTK\Src</Filter>
    </ClCompile>
    <ClCompile Include="Libraries\DirectXTK\Src\PBREffectFactory.cpp">
      <Filter>Libraries\DirectXTK\Src</Filter>
    </ClCompile>
    <ClCompile Include="Libraries\DirectXTK\Src\pch.cpp">
      <Filter>Libraries\DirectXTK\Src</Filter>
    </ClCompile>
    <ClCompile Include="Libraries\DirectXTK\Src\PrimitiveBatch.cpp">
      <Filter>Libraries\DirectXTK\Src</Filter>
    </ClCompile>
    <ClCompile Include="Libraries\DirectXTK\Src\ScreenGrab.cpp">
      <Filter>Libraries\DirectXTK\Src</Filter>
    </ClCompile>
    <ClCompile Include="Libraries\DirectXTK\Src\SkinnedEffect.cpp">
      <Filter>Libraries\DirectXTK\Src</Filter>
    </ClCompile>
    <ClCompile Include="Libraries\DirectXTK\Src\SpriteBatch.cpp">
      <Filter>Libraries\DirectXTK\Src</Filter>
    </ClCompile>
    <ClCompile Include="Libraries\DirectXTK\Src\SpriteFont.cpp">
      <Filter>Libraries\DirectXTK\Src</Filter>
    </ClCompile>
    <ClCompile Include="Libraries\DirectXTK\Src\ToneMapPostProcess.cpp">
      <Filter>Libraries\DirectXTK\Src</Filter>
    </ClCompile>
    <ClCompile Include="Libraries\DirectXTK\Src\VertexTypes.cpp">
      <Filter>Libraries\DirectXTK\Src</Filter>
    </ClCompile>
    <ClCompile Include="Libraries\DirectXTK\Src\WICTextureLoader.cpp">
      <Filter>Libraries\DirectXTK\Src</Filter>
    </ClCompile>
    <ClCompile Include="Libraries\DirectXTK\Src\SimpleMath.cpp">
      <Filter>Libraries\DirectXTK\Src\Shared</Filter>
    </ClCompile>
    <ClCompile Include="Libraries\DirectXTK\Src\Mouse.cpp">
      <Filter>Libraries\DirectXTK\Src\Shared</Filter>
    </ClCompile>
    <ClCompile Include="Libraries\DirectXTK\Src\Keyboard.cpp">
      <Filter>Libraries\DirectXTK\Src\Shared</Filter>
    </ClCompile>
    <ClCompile Include="Libraries\DirectXTK\Src\Geometry.cpp">
      <Filter>Libraries\DirectXTK\Src\Shared</Filter>
    </ClCompile>
    <ClCompile Include="Libraries\DirectXTK\Src\GamePad.cpp">
      <Filter>Libraries\DirectXTK\Src\Shared</Filter>
    </ClCompile>
    <ClCompile Include="Libraries\DirectXTK\Src\BinaryReader.cpp">
      <Filter>Libraries\DirectXTK\Src\Shared</Filter>
    </ClCompile>
    <ClCompile Include="Libraries\DirectXTex\BC.cpp">
      <Filter>Libraries\DirectXTex\Source Files</Filter>
    </ClCompile>
    <ClCompile Include="Libraries\DirectXTex\BC4BC5.cpp">
      <Filter>Libraries\DirectXTex\Source Files</Filter>
    </ClCompile>
    <ClCompile Include="Libraries\DirectXTex\BC6HBC7.cpp">
      <Filter>Libraries\DirectXTex\Source Files</Filter>
    </ClCompile>
    <ClCompile Include="Libraries\DirectXTex\BCDirectCompute.cpp">
      <Filter>Libraries\DirectXTex\Source Files</Filter>
    </ClCompile>
    <ClCompile Include="Libraries\DirectXTex\DirectXTexCompress.cpp">
      <Filter>Libraries\DirectXTex\Source Files</Filter>
    </ClCompile>
    <ClCompile Include="Libraries\DirectXTex\DirectXTexCompressGPU.cpp">
      <Filter>Libraries\DirectXTex\Source Files</Filter>
    </ClCompile>
    <ClCompile Include="Libraries\DirectXTex\DirectXTexConvert.cpp">
      <Filter>Libraries\DirectXTex\Source Files</Filter>
    </ClCompile>
    <ClCompile Include="Libraries\DirectXTex\DirectXTexD3D11.cpp">
      <Filter>Libraries\DirectXTex\Source Files</Filter>
    </ClCompile>
    <ClCompile Include="Libraries\DirectXTex\DirectXTexDDS.cpp">
      <Filter>Libraries\DirectXTex\Source Files</Filter>
    </ClCompile>
    <ClCompile Include="Libraries\DirectXTex\DirectXTexFlipRotate.cpp">
      <Filter>Libraries\DirectXTex\Source Files</Filter>
    </ClCompile>
    <ClCompile Include="Libraries\DirectXTex\DirectXTexHDR.cpp">
      <Filter>Libraries\DirectXTex\Source Files</Filter>
    </ClCompile>
    <ClCompile Include="Libraries\DirectXTex\DirectXTexImage.cpp">
      <Filter>Libraries\DirectXTex\Source Files</Filter>
    </ClCompile>
    <ClCompile Include="Libraries\DirectXTex\DirectXTexMipmaps.cpp">
      <Filter>Libraries\DirectXTex\Source Files</Filter>
    </ClCompile>
    <ClCompile Include="Libraries\DirectXTex\DirectXTexMisc.cpp">
      <Filter>Libraries\DirectXTex\Source Files</Filter>
    </ClCompile>
    <ClCompile Include="Libraries\DirectXTex\DirectXTexNormalMaps.cpp">
      <Filter>Libraries\DirectXTex\Source Files</Filter>
    </ClCompile>
    <ClCompile Include="Libraries\DirectXTex\DirectXTexPMAlpha.cpp">
      <Filter>Libraries\DirectXTex\Source Files</Filter>
    </ClCompile>
    <ClCompile Include="Libraries\DirectXTex\DirectXTexResize.cpp">
      <Filter>Libraries\DirectXTex\Source Files</Filter>
    </ClCompile>
    <ClCompile Include="Libraries\DirectXTex\DirectXTexTGA.cpp">
      <Filter>Libraries\DirectXTex\Source Files</Filter>
    </ClCompile>
    <ClCompile Include="Libraries\DirectXTex\DirectXTexUtil.cpp">
      <Filter>Libraries\DirectXTex\Source Files</Filter>
    </ClCompile>
    <ClCompile Include="Libraries\DirectXTex\DirectXTexWIC.cpp">
      <Filter>Libraries\DirectXTex\Source Files</Filter>
    </ClCompile>
  </ItemGroup>
  <ItemGroup>
    <ClInclude Include="libraries\ImGui\imconfig.h">
      <Filter>Libraries\ImGui</Filter>
    </ClInclude>
    <ClInclude Include="libraries\ImGui\imgui.h">
      <Filter>Libraries\ImGui</Filter>
    </ClInclude>
    <ClInclude Include="libraries\ImGui\stb_rect_pack.h">
      <Filter>Libraries\ImGui</Filter>
    </ClInclude>
    <ClInclude Include="libraries\ImGui\stb_textedit.h">
      <Filter>Libraries\ImGui</Filter>
    </ClInclude>
    <ClInclude Include="libraries\ImGui\stb_truetype.h">
      <Filter>Libraries\ImGui</Filter>
    </ClInclude>
    <ClInclude Include="libraries\SimpleJSON\JSON.h">
      <Filter>Libraries\SimpleJSON</Filter>
    </ClInclude>
    <ClInclude Include="libraries\SimpleJSON\JSONValue.h">
      <Filter>Libraries\SimpleJSON</Filter>
    </ClInclude>
    <ClInclude Include="Source\Application.hpp">
      <Filter>Source\Headers</Filter>
    </ClInclude>
    <ClInclude Include="Source\Camera.hpp">
      <Filter>Source\Headers</Filter>
    </ClInclude>
    <ClInclude Include="Source\Dashboard.hpp">
      <Filter>Source\Headers</Filter>
    </ClInclude>
    <ClInclude Include="Source\Decal.hpp">
      <Filter>Source\Headers</Filter>
    </ClInclude>
    <ClInclude Include="Source\FrameBuffer.hpp">
      <Filter>Source\Headers</Filter>
    </ClInclude>
    <ClInclude Include="Source\Generator.hpp">
      <Filter>Source\Headers</Filter>
    </ClInclude>
    <ClInclude Include="Source\Hash.hpp">
      <Filter>Source\Headers</Filter>
    </ClInclude>
    <ClInclude Include="Source\Light.hpp">
      <Filter>Source\Headers</Filter>
    </ClInclude>
    <ClInclude Include="Source\Mathematics.hpp">
      <Filter>Source\Headers</Filter>
    </ClInclude>
    <ClInclude Include="Source\Mesh.hpp">
      <Filter>Source\Headers</Filter>
    </ClInclude>
    <ClInclude Include="Source\Entity.hpp">
      <Filter>Source\Headers</Filter>
    </ClInclude>
    <ClInclude Include="Source\Renderer.hpp">
      <Filter>Source\Headers</Filter>
    </ClInclude>
    <ClInclude Include="Source\Sampler.hpp">
      <Filter>Source\Headers</Filter>
    </ClInclude>
    <ClInclude Include="Source\Shader.hpp">
      <Filter>Source\Headers</Filter>
    </ClInclude>
    <ClInclude Include="Source\Stopwatch.hpp">
      <Filter>Source\Headers</Filter>
    </ClInclude>
    <ClInclude Include="Source\Structures.hpp">
      <Filter>Source\Headers</Filter>
    </ClInclude>
    <ClInclude Include="Source\Target.hpp">
      <Filter>Source\Headers</Filter>
    </ClInclude>
    <ClInclude Include="Source\Texture.hpp">
      <Filter>Source\Headers</Filter>
    </ClInclude>
    <ClInclude Include="Source\Utility.hpp">
      <Filter>Source\Headers</Filter>
    </ClInclude>
    <ClInclude Include="Source\VertexBuffer.hpp">
      <Filter>Source\Headers</Filter>
    </ClInclude>
    <ClInclude Include="Libraries\DirectXTK\Inc\BufferHelpers.h">
      <Filter>Libraries\DirectXTK\Inc</Filter>
    </ClInclude>
    <ClInclude Include="Libraries\DirectXTK\Inc\CommonStates.h">
      <Filter>Libraries\DirectXTK\Inc</Filter>
    </ClInclude>
    <ClInclude Include="Libraries\DirectXTK\Inc\DDSTextureLoader.h">
      <Filter>Libraries\DirectXTK\Inc</Filter>
    </ClInclude>
    <ClInclude Include="Libraries\DirectXTK\Inc\DirectXHelpers.h">
      <Filter>Libraries\DirectXTK\Inc</Filter>
    </ClInclude>
    <ClInclude Include="Libraries\DirectXTK\Inc\Effects.h">
      <Filter>Libraries\DirectXTK\Inc</Filter>
    </ClInclude>
    <ClInclude Include="Libraries\DirectXTK\Inc\GeometricPrimitive.h">
      <Filter>Libraries\DirectXTK\Inc</Filter>
    </ClInclude>
    <ClInclude Include="Libraries\DirectXTK\Inc\GraphicsMemory.h">
      <Filter>Libraries\DirectXTK\Inc</Filter>
    </ClInclude>
    <ClInclude Include="Libraries\DirectXTK\Inc\Model.h">
      <Filter>Libraries\DirectXTK\Inc</Filter>
    </ClInclude>
    <ClInclude Include="Libraries\DirectXTK\Inc\PostProcess.h">
      <Filter>Libraries\DirectXTK\Inc</Filter>
    </ClInclude>
    <ClInclude Include="Libraries\DirectXTK\Inc\PrimitiveBatch.h">
      <Filter>Libraries\DirectXTK\Inc</Filter>
    </ClInclude>
    <ClInclude Include="Libraries\DirectXTK\Inc\ScreenGrab.h">
      <Filter>Libraries\DirectXTK\Inc</Filter>
    </ClInclude>
    <ClInclude Include="Libraries\DirectXTK\Inc\SpriteBatch.h">
      <Filter>Libraries\DirectXTK\Inc</Filter>
    </ClInclude>
    <ClInclude Include="Libraries\DirectXTK\Inc\SpriteFont.h">
      <Filter>Libraries\DirectXTK\Inc</Filter>
    </ClInclude>
    <ClInclude Include="Libraries\DirectXTK\Inc\VertexTypes.h">
      <Filter>Libraries\DirectXTK\Inc</Filter>
    </ClInclude>
    <ClInclude Include="Libraries\DirectXTK\Inc\WICTextureLoader.h">
      <Filter>Libraries\DirectXTK\Inc</Filter>
    </ClInclude>
    <ClInclude Include="Libraries\DirectXTK\Src\EffectCommon.h">
      <Filter>Libraries\DirectXTK\Src</Filter>
    </ClInclude>
    <ClInclude Include="Libraries\DirectXTK\Src\pch.h">
      <Filter>Libraries\DirectXTK\Src</Filter>
    </ClInclude>
    <ClInclude Include="Libraries\DirectXTK\Src\AlignedNew.h">
      <Filter>Libraries\DirectXTK\Src\Shared</Filter>
    </ClInclude>
    <ClInclude Include="Libraries\DirectXTK\Src\Bezier.h">
      <Filter>Libraries\DirectXTK\Src\Shared</Filter>
    </ClInclude>
    <ClInclude Include="Libraries\DirectXTK\Src\BinaryReader.h">
      <Filter>Libraries\DirectXTK\Src\Shared</Filter>
    </ClInclude>
    <ClInclude Include="Libraries\DirectXTK\Src\CMO.h">
      <Filter>Libraries\DirectXTK\Src\Shared</Filter>
    </ClInclude>
    <ClInclude Include="Libraries\DirectXTK\Src\DDS.h">
      <Filter>Libraries\DirectXTK\Src\Shared</Filter>
    </ClInclude>
    <ClInclude Include="Libraries\DirectXTK\Src\DemandCreate.h">
      <Filter>Libraries\DirectXTK\Src\Shared</Filter>
    </ClInclude>
    <ClInclude Include="Libraries\DirectXTK\Src\Geometry.h">
      <Filter>Libraries\DirectXTK\Src\Shared</Filter>
    </ClInclude>
    <ClInclude Include="Libraries\DirectXTK\Src\LoaderHelpers.h">
      <Filter>Libraries\DirectXTK\Src\Shared</Filter>
    </ClInclude>
    <ClInclude Include="Libraries\DirectXTK\Src\PlatformHelpers.h">
      <Filter>Libraries\DirectXTK\Src\Shared</Filter>
    </ClInclude>
    <ClInclude Include="Libraries\DirectXTK\Src\SDKMesh.h">
      <Filter>Libraries\DirectXTK\Src\Shared</Filter>
    </ClInclude>
    <ClInclude Include="Libraries\DirectXTK\Src\SharedResourcePool.h">
      <Filter>Libraries\DirectXTK\Src\Shared</Filter>
    </ClInclude>
    <ClInclude Include="Libraries\DirectXTK\Src\vbo.h">
      <Filter>Libraries\DirectXTK\Src\Shared</Filter>
    </ClInclude>
    <ClInclude Include="Libraries\DirectXTex\DirectXTex.h">
      <Filter>Libraries\DirectXTex\Header Files</Filter>
    </ClInclude>
    <ClInclude Include="Libraries\DirectXTex\BC.h">
      <Filter>Libraries\DirectXTex\Source Files</Filter>
    </ClInclude>
    <ClInclude Include="Libraries\DirectXTex\BCDirectCompute.h">
      <Filter>Libraries\DirectXTex\Source Files</Filter>
    </ClInclude>
    <ClInclude Include="Libraries\DirectXTex\DDS.h">
      <Filter>Libraries\DirectXTex\Source Files</Filter>
    </ClInclude>
    <ClInclude Include="Libraries\DirectXTex\DirectXTexP.h">
      <Filter>Libraries\DirectXTex\Source Files</Filter>
    </ClInclude>
    <ClInclude Include="Libraries\DirectXTex\filters.h">
      <Filter>Libraries\DirectXTex\Source Files</Filter>
    </ClInclude>
    <ClInclude Include="Libraries\DirectXTex\scoped.h">
      <Filter>Libraries\DirectXTex\Source Files</Filter>
    </ClInclude>
    <ClInclude Include="Libraries\DirectXTK\Inc\GamePad.h">
      <Filter>Libraries\DirectXTK\Inc\Shared</Filter>
    </ClInclude>
    <ClInclude Include="Libraries\DirectXTK\Inc\Keyboard.h">
      <Filter>Libraries\DirectXTK\Inc\Shared</Filter>
    </ClInclude>
    <ClInclude Include="Libraries\DirectXTK\Inc\Mouse.h">
      <Filter>Libraries\DirectXTK\Inc\Shared</Filter>
    </ClInclude>
    <ClInclude Include="Libraries\DirectXTK\Inc\SimpleMath.h">
      <Filter>Libraries\DirectXTK\Inc\Shared</Filter>
    </ClInclude>
  </ItemGroup>
  <ItemGroup>
    <FxCompile Include="libraries\ImGui\imguips.hlsl">
      <Filter>Libraries\ImGui</Filter>
    </FxCompile>
    <FxCompile Include="libraries\ImGui\imguivs.hlsl">
      <Filter>Libraries\ImGui</Filter>
    </FxCompile>
    <FxCompile Include="Shaders\Decal.ps.hlsl">
      <Filter>Shaders\Pixel</Filter>
    </FxCompile>
    <FxCompile Include="Shaders\Discolor.ps.hlsl">
      <Filter>Shaders\Pixel</Filter>
    </FxCompile>
    <FxCompile Include="Shaders\Falloff.ps.hlsl">
      <Filter>Shaders\Pixel</Filter>
    </FxCompile>
    <FxCompile Include="Shaders\Lambert.ps.hlsl">
      <Filter>Shaders\Pixel</Filter>
    </FxCompile>
    <FxCompile Include="Shaders\Main.ps.hlsl">
      <Filter>Shaders\Pixel</Filter>
    </FxCompile>
    <FxCompile Include="Shaders\Patch.ps.hlsl">
      <Filter>Shaders\Pixel</Filter>
    </FxCompile>
    <FxCompile Include="Shaders\Phong.ps.hlsl">
      <Filter>Shaders\Pixel</Filter>
    </FxCompile>
    <FxCompile Include="Shaders\Specular.ps.hlsl">
      <Filter>Shaders\Pixel</Filter>
    </FxCompile>
    <FxCompile Include="Shaders\SSSS.ps.hlsl">
      <Filter>Shaders\Pixel</Filter>
    </FxCompile>
    <FxCompile Include="Shaders\Stretch.ps.hlsl">
      <Filter>Shaders\Pixel</Filter>
    </FxCompile>
    <FxCompile Include="Shaders\Wound.ps.hlsl">
      <Filter>Shaders\Pixel</Filter>
    </FxCompile>
    <FxCompile Include="Shaders\Decal.vs.hlsl">
      <Filter>Shaders\Vertex</Filter>
    </FxCompile>
    <FxCompile Include="Shaders\Depth.vs.hlsl">
      <Filter>Shaders\Vertex</Filter>
    </FxCompile>
    <FxCompile Include="Shaders\Lambert.vs.hlsl">
      <Filter>Shaders\Vertex</Filter>
    </FxCompile>
    <FxCompile Include="Shaders\Main.vs.hlsl">
      <Filter>Shaders\Vertex</Filter>
    </FxCompile>
    <FxCompile Include="Shaders\Pass.vs.hlsl">
      <Filter>Shaders\Vertex</Filter>
    </FxCompile>
    <FxCompile Include="Shaders\PassPos.vs.hlsl">
      <Filter>Shaders\Vertex</Filter>
    </FxCompile>
    <FxCompile Include="Shaders\Phong.vs.hlsl">
      <Filter>Shaders\Vertex</Filter>
    </FxCompile>
    <FxCompile Include="Shaders\Stretch.vs.hlsl">
      <Filter>Shaders\Vertex</Filter>
    </FxCompile>
    <FxCompile Include="Shaders\Distance.h.hlsl">
      <Filter>Shaders\Headers</Filter>
    </FxCompile>
    <FxCompile Include="Shaders\Noise.h.hlsl">
      <Filter>Shaders\Headers</Filter>
    </FxCompile>
    <FxCompile Include="Shaders\Random.h.hlsl">
      <Filter>Shaders\Headers</Filter>
    </FxCompile>
  </ItemGroup>
  <ItemGroup>
    <CopyFileToFolders Include="Resources\Textures\Beckmann.dds">
      <Filter>Resources\Textures</Filter>
    </CopyFileToFolders>
    <CopyFileToFolders Include="Resources\Textures\Decal.dds">
      <Filter>Resources\Textures</Filter>
    </CopyFileToFolders>
    <CopyFileToFolders Include="Resources\Textures\Irradiance.dds">
      <Filter>Resources\Textures</Filter>
    </CopyFileToFolders>
    <CopyFileToFolders Include="Resources\Config.json">
      <Filter>Resources</Filter>
    </CopyFileToFolders>
    <CopyFileToFolders Include="Resources\Scene.json">
      <Filter>Resources</Filter>
    </CopyFileToFolders>
    <CopyFileToFolders Include="Resources\Fonts\Arial12.spritefont">
      <Filter>Resources\Fonts</Filter>
    </CopyFileToFolders>
    <CopyFileToFolders Include="Resources\Fonts\Arial14.spritefont">
      <Filter>Resources\Fonts</Filter>
    </CopyFileToFolders>
    <CopyFileToFolders Include="Resources\Fonts\Arial16.spritefont">
      <Filter>Resources\Fonts</Filter>
    </CopyFileToFolders>
    <CopyFileToFolders Include="Resources\Models\Color.dds">
      <Filter>Resources\Models</Filter>
    </CopyFileToFolders>
    <CopyFileToFolders Include="Resources\Models\Discolor.dds">
      <Filter>Resources\Models</Filter>
    </CopyFileToFolders>
    <CopyFileToFolders Include="Resources\Models\Normal.dds">
      <Filter>Resources\Models</Filter>
    </CopyFileToFolders>
    <CopyFileToFolders Include="Resources\Models\Occlusion.dds">
      <Filter>Resources\Models</Filter>
    </CopyFileToFolders>
    <CopyFileToFolders Include="Resources\Models\Specular.dds">
      <Filter>Resources\Models</Filter>
    </CopyFileToFolders>
    <CopyFileToFolders Include="Resources\Models\InfiniteScanHead.obj">
      <Filter>Resources\Models</Filter>
    </CopyFileToFolders>
    <CopyFileToFolders Include="Resources\Models\License.txt">
      <Filter>Resources\Models</Filter>
    </CopyFileToFolders>
  </ItemGroup>
</Project>