<?xml version="1.0" encoding="utf-8"?>
<Project ToolsVersion="4.0" xmlns="http://schemas.microsoft.com/developer/msbuild/2003">
  <ItemGroup>
    <None Include="resources\config.json">
      <Filter>resources</Filter>
    </None>
    <None Include="resources\fonts\arial12.spritefont">
      <Filter>resources\fonts</Filter>
    </None>
    <None Include="resources\fonts\arial14.spritefont">
      <Filter>resources\fonts</Filter>
    </None>
    <None Include="resources\fonts\arial16.spritefont">
      <Filter>resources\fonts</Filter>
    </None>
    <None Include="resources\headmesh\mesh.obj.bin">
      <Filter>resources\headmesh</Filter>
    </None>
    <None Include="resources\scene.json">
      <Filter>resources</Filter>
    </None>
    <None Include="libraries\DirectXTex\DirectXTex.inl">
      <Filter>libraries\DirectXTex</Filter>
    </None>
    <None Include="libraries\DirectXTK\SimpleMath.inl">
      <Filter>libraries\DirectXTK</Filter>
    </None>
    <None Include="libraries\DirectXTK\TeapotData.inc">
      <Filter>libraries\DirectXTK</Filter>
    </None>
  </ItemGroup>
  <ItemGroup>
    <Filter Include="source">
      <UniqueIdentifier>{85d3ee53-2358-4b7e-b077-b70c5f63b79b}</UniqueIdentifier>
    </Filter>
    <Filter Include="resources">
      <UniqueIdentifier>{a3b4c331-d45d-4344-8844-b91263d9fc44}</UniqueIdentifier>
    </Filter>
    <Filter Include="shaders">
      <UniqueIdentifier>{cdf410ad-f68e-41e9-9738-60f071542675}</UniqueIdentifier>
    </Filter>
    <Filter Include="libraries">
      <UniqueIdentifier>{e21b5fc7-2565-465e-aff7-8984ae213ea7}</UniqueIdentifier>
    </Filter>
    <Filter Include="libraries\DirectXTex">
      <UniqueIdentifier>{19b868e3-467e-4a1c-a366-99b096f73d3c}</UniqueIdentifier>
    </Filter>
    <Filter Include="libraries\DirectXTK">
      <UniqueIdentifier>{61ec0621-e888-46f7-bf7c-d6c8eb23e439}</UniqueIdentifier>
    </Filter>
    <Filter Include="libraries\ImGui">
      <UniqueIdentifier>{90cc3fe5-d2a3-4ec6-8463-a9d82edc1892}</UniqueIdentifier>
    </Filter>
    <Filter Include="libraries\SimpleJSON">
      <UniqueIdentifier>{df11ac81-7a35-4505-be16-3db4cf5195b4}</UniqueIdentifier>
    </Filter>
    <Filter Include="resources\fonts">
      <UniqueIdentifier>{6fca4a4c-6219-4e3f-8a26-188c0a9b8999}</UniqueIdentifier>
    </Filter>
    <Filter Include="resources\textures">
      <UniqueIdentifier>{e2902c27-7fbd-40bd-b6f8-f12638e14d73}</UniqueIdentifier>
    </Filter>
    <Filter Include="resources\headmesh">
      <UniqueIdentifier>{47d968fc-efda-42d8-b73b-883c942e5e4e}</UniqueIdentifier>
    </Filter>
    <Filter Include="source\headers">
      <UniqueIdentifier>{a080dabc-267d-477a-8ced-918af4a7761c}</UniqueIdentifier>
    </Filter>
    <Filter Include="source\source">
      <UniqueIdentifier>{55623634-2c4a-4a97-85e7-bcf0f1ca7028}</UniqueIdentifier>
    </Filter>
    <Filter Include="shaders\headers">
      <UniqueIdentifier>{6feaa899-4026-4018-8cd4-c7e37fe425ca}</UniqueIdentifier>
    </Filter>
    <Filter Include="shaders\vertex shaders">
      <UniqueIdentifier>{7a905c14-03ec-4ead-86e7-9efab5623837}</UniqueIdentifier>
    </Filter>
    <Filter Include="shaders\pixel shaders">
      <UniqueIdentifier>{963e6a2d-a8dc-4151-bc37-43325363c7b0}</UniqueIdentifier>
    </Filter>
  </ItemGroup>
  <ItemGroup>
    <ClCompile Include="libraries\ImGui\imgui.cpp">
      <Filter>libraries\ImGui</Filter>
    </ClCompile>
    <ClCompile Include="libraries\SimpleJSON\JSON.cpp">
      <Filter>libraries\SimpleJSON</Filter>
    </ClCompile>
    <ClCompile Include="libraries\SimpleJSON\JSONValue.cpp">
      <Filter>libraries\SimpleJSON</Filter>
    </ClCompile>
    <ClCompile Include="libraries\DirectXTex\BC.cpp">
      <Filter>libraries\DirectXTex</Filter>
    </ClCompile>
    <ClCompile Include="libraries\DirectXTex\BC4BC5.cpp">
      <Filter>libraries\DirectXTex</Filter>
    </ClCompile>
    <ClCompile Include="libraries\DirectXTex\BC6HBC7.cpp">
      <Filter>libraries\DirectXTex</Filter>
    </ClCompile>
    <ClCompile Include="libraries\DirectXTex\BCDirectCompute.cpp">
      <Filter>libraries\DirectXTex</Filter>
    </ClCompile>
    <ClCompile Include="libraries\DirectXTex\DirectXTexCompress.cpp">
      <Filter>libraries\DirectXTex</Filter>
    </ClCompile>
    <ClCompile Include="libraries\DirectXTex\DirectXTexCompressGPU.cpp">
      <Filter>libraries\DirectXTex</Filter>
    </ClCompile>
    <ClCompile Include="libraries\DirectXTex\DirectXTexConvert.cpp">
      <Filter>libraries\DirectXTex</Filter>
    </ClCompile>
    <ClCompile Include="libraries\DirectXTex\DirectXTexD3D11.cpp">
      <Filter>libraries\DirectXTex</Filter>
    </ClCompile>
    <ClCompile Include="libraries\DirectXTex\DirectXTexDDS.cpp">
      <Filter>libraries\DirectXTex</Filter>
    </ClCompile>
    <ClCompile Include="libraries\DirectXTex\DirectXTexFlipRotate.cpp">
      <Filter>libraries\DirectXTex</Filter>
    </ClCompile>
    <ClCompile Include="libraries\DirectXTex\DirectXTexImage.cpp">
      <Filter>libraries\DirectXTex</Filter>
    </ClCompile>
    <ClCompile Include="libraries\DirectXTex\DirectXTexMipMaps.cpp">
      <Filter>libraries\DirectXTex</Filter>
    </ClCompile>
    <ClCompile Include="libraries\DirectXTex\DirectXTexMisc.cpp">
      <Filter>libraries\DirectXTex</Filter>
    </ClCompile>
    <ClCompile Include="libraries\DirectXTex\DirectXTexNormalMaps.cpp">
      <Filter>libraries\DirectXTex</Filter>
    </ClCompile>
    <ClCompile Include="libraries\DirectXTex\DirectXTexPMAlpha.cpp">
      <Filter>libraries\DirectXTex</Filter>
    </ClCompile>
    <ClCompile Include="libraries\DirectXTex\DirectXTexResize.cpp">
      <Filter>libraries\DirectXTex</Filter>
    </ClCompile>
    <ClCompile Include="libraries\DirectXTex\DirectXTexTGA.cpp">
      <Filter>libraries\DirectXTex</Filter>
    </ClCompile>
    <ClCompile Include="libraries\DirectXTex\DirectXTexUtil.cpp">
      <Filter>libraries\DirectXTex</Filter>
    </ClCompile>
    <ClCompile Include="libraries\DirectXTex\DirectXTexWIC.cpp">
      <Filter>libraries\DirectXTex</Filter>
    </ClCompile>
    <ClCompile Include="libraries\DirectXTK\AlphaTestEffect.cpp">
      <Filter>libraries\DirectXTK</Filter>
    </ClCompile>
    <ClCompile Include="libraries\DirectXTK\BasicEffect.cpp">
      <Filter>libraries\DirectXTK</Filter>
    </ClCompile>
    <ClCompile Include="libraries\DirectXTK\BinaryReader.cpp">
      <Filter>libraries\DirectXTK</Filter>
    </ClCompile>
    <ClCompile Include="libraries\DirectXTK\CommonStates.cpp">
      <Filter>libraries\DirectXTK</Filter>
    </ClCompile>
    <ClCompile Include="libraries\DirectXTK\DDSTextureLoader.cpp">
      <Filter>libraries\DirectXTK</Filter>
    </ClCompile>
    <ClCompile Include="libraries\DirectXTK\DGSLEffect.cpp">
      <Filter>libraries\DirectXTK</Filter>
    </ClCompile>
    <ClCompile Include="libraries\DirectXTK\DGSLEffectFactory.cpp">
      <Filter>libraries\DirectXTK</Filter>
    </ClCompile>
    <ClCompile Include="libraries\DirectXTK\DualTextureEffect.cpp">
      <Filter>libraries\DirectXTK</Filter>
    </ClCompile>
    <ClCompile Include="libraries\DirectXTK\EffectCommon.cpp">
      <Filter>libraries\DirectXTK</Filter>
    </ClCompile>
    <ClCompile Include="libraries\DirectXTK\EffectFactory.cpp">
      <Filter>libraries\DirectXTK</Filter>
    </ClCompile>
    <ClCompile Include="libraries\DirectXTK\EnvironmentMapEffect.cpp">
      <Filter>libraries\DirectXTK</Filter>
    </ClCompile>
    <ClCompile Include="libraries\DirectXTK\GeometricPrimitive.cpp">
      <Filter>libraries\DirectXTK</Filter>
    </ClCompile>
    <ClCompile Include="libraries\DirectXTK\GraphicsMemory.cpp">
      <Filter>libraries\DirectXTK</Filter>
    </ClCompile>
    <ClCompile Include="libraries\DirectXTK\Keyboard.cpp">
      <Filter>libraries\DirectXTK</Filter>
    </ClCompile>
    <ClCompile Include="libraries\DirectXTK\Mouse.cpp">
      <Filter>libraries\DirectXTK</Filter>
    </ClCompile>
    <ClCompile Include="libraries\DirectXTK\PrimitiveBatch.cpp">
      <Filter>libraries\DirectXTK</Filter>
    </ClCompile>
    <ClCompile Include="libraries\DirectXTK\ScreenGrab.cpp">
      <Filter>libraries\DirectXTK</Filter>
    </ClCompile>
    <ClCompile Include="libraries\DirectXTK\SimpleMath.cpp">
      <Filter>libraries\DirectXTK</Filter>
    </ClCompile>
    <ClCompile Include="libraries\DirectXTK\SkinnedEffect.cpp">
      <Filter>libraries\DirectXTK</Filter>
    </ClCompile>
    <ClCompile Include="libraries\DirectXTK\SpriteBatch.cpp">
      <Filter>libraries\DirectXTK</Filter>
    </ClCompile>
    <ClCompile Include="libraries\DirectXTK\SpriteFont.cpp">
      <Filter>libraries\DirectXTK</Filter>
    </ClCompile>
    <ClCompile Include="libraries\DirectXTK\VertexTypes.cpp">
      <Filter>libraries\DirectXTK</Filter>
    </ClCompile>
    <ClCompile Include="libraries\DirectXTK\WICTextureLoader.cpp">
      <Filter>libraries\DirectXTK</Filter>
    </ClCompile>
    <ClCompile Include="source\application.cpp">
      <Filter>source\source</Filter>
    </ClCompile>
    <ClCompile Include="source\camera.cpp">
      <Filter>source\source</Filter>
    </ClCompile>
    <ClCompile Include="source\dashboard.cpp">
      <Filter>source\source</Filter>
    </ClCompile>
    <ClCompile Include="source\decal.cpp">
      <Filter>source\source</Filter>
    </ClCompile>
    <ClCompile Include="source\framebuffer.cpp">
      <Filter>source\source</Filter>
    </ClCompile>
    <ClCompile Include="source\generator.cpp">
      <Filter>source\source</Filter>
    </ClCompile>
    <ClCompile Include="source\hash.cpp">
      <Filter>source\source</Filter>
    </ClCompile>
    <ClCompile Include="source\light.cpp">
      <Filter>source\source</Filter>
    </ClCompile>
    <ClCompile Include="source\mathematics.cpp">
      <Filter>source\source</Filter>
    </ClCompile>
    <ClCompile Include="source\mesh.cpp">
      <Filter>source\source</Filter>
    </ClCompile>
    <ClCompile Include="source\model.cpp">
      <Filter>source\source</Filter>
    </ClCompile>
    <ClCompile Include="source\renderer.cpp">
      <Filter>source\source</Filter>
    </ClCompile>
    <ClCompile Include="source\sampler.cpp">
      <Filter>source\source</Filter>
    </ClCompile>
    <ClCompile Include="source\shader.cpp">
      <Filter>source\source</Filter>
    </ClCompile>
    <ClCompile Include="source\stopwatch.cpp">
      <Filter>source\source</Filter>
    </ClCompile>
    <ClCompile Include="source\target.cpp">
      <Filter>source\source</Filter>
    </ClCompile>
    <ClCompile Include="source\texture.cpp">
      <Filter>source\source</Filter>
    </ClCompile>
    <ClCompile Include="source\utility.cpp">
      <Filter>source\source</Filter>
    </ClCompile>
    <ClCompile Include="source\vertexbuffer.cpp">
      <Filter>source\source</Filter>
    </ClCompile>
    <ClCompile Include="source\main.cpp">
      <Filter>source</Filter>
    </ClCompile>
  </ItemGroup>
  <ItemGroup>
    <ClInclude Include="libraries\ImGui\imconfig.h">
      <Filter>libraries\ImGui</Filter>
    </ClInclude>
    <ClInclude Include="libraries\ImGui\imgui.h">
      <Filter>libraries\ImGui</Filter>
    </ClInclude>
    <ClInclude Include="libraries\ImGui\stb_rect_pack.h">
      <Filter>libraries\ImGui</Filter>
    </ClInclude>
    <ClInclude Include="libraries\ImGui\stb_textedit.h">
      <Filter>libraries\ImGui</Filter>
    </ClInclude>
    <ClInclude Include="libraries\ImGui\stb_truetype.h">
      <Filter>libraries\ImGui</Filter>
    </ClInclude>
    <ClInclude Include="libraries\SimpleJSON\JSON.h">
      <Filter>libraries\SimpleJSON</Filter>
    </ClInclude>
    <ClInclude Include="libraries\SimpleJSON\JSONValue.h">
      <Filter>libraries\SimpleJSON</Filter>
    </ClInclude>
    <ClInclude Include="libraries\DirectXTex\BC.h">
      <Filter>libraries\DirectXTex</Filter>
    </ClInclude>
    <ClInclude Include="libraries\DirectXTex\BCDirectCompute.h">
      <Filter>libraries\DirectXTex</Filter>
    </ClInclude>
    <ClInclude Include="libraries\DirectXTex\DDS.h">
      <Filter>libraries\DirectXTex</Filter>
    </ClInclude>
    <ClInclude Include="libraries\DirectXTex\DirectXTex.h">
      <Filter>libraries\DirectXTex</Filter>
    </ClInclude>
    <ClInclude Include="libraries\DirectXTex\DirectXTexP.h">
      <Filter>libraries\DirectXTex</Filter>
    </ClInclude>
    <ClInclude Include="libraries\DirectXTex\Filters.h">
      <Filter>libraries\DirectXTex</Filter>
    </ClInclude>
    <ClInclude Include="libraries\DirectXTex\scoped.h">
      <Filter>libraries\DirectXTex</Filter>
    </ClInclude>
    <ClInclude Include="libraries\DirectXTK\AlignedNew.h">
      <Filter>libraries\DirectXTK</Filter>
    </ClInclude>
    <ClInclude Include="libraries\DirectXTK\Audio.h">
      <Filter>libraries\DirectXTK</Filter>
    </ClInclude>
    <ClInclude Include="libraries\DirectXTK\Bezier.h">
      <Filter>libraries\DirectXTK</Filter>
    </ClInclude>
    <ClInclude Include="libraries\DirectXTK\BinaryReader.h">
      <Filter>libraries\DirectXTK</Filter>
    </ClInclude>
    <ClInclude Include="libraries\DirectXTK\CommonStates.h">
      <Filter>libraries\DirectXTK</Filter>
    </ClInclude>
    <ClInclude Include="libraries\DirectXTK\ConstantBuffer.h">
      <Filter>libraries\DirectXTK</Filter>
    </ClInclude>
    <ClInclude Include="libraries\DirectXTK\dds.h">
      <Filter>libraries\DirectXTK</Filter>
    </ClInclude>
    <ClInclude Include="libraries\DirectXTK\DDSTextureLoader.h">
      <Filter>libraries\DirectXTK</Filter>
    </ClInclude>
    <ClInclude Include="libraries\DirectXTK\DemandCreate.h">
      <Filter>libraries\DirectXTK</Filter>
    </ClInclude>
    <ClInclude Include="libraries\DirectXTK\DirectXHelpers.h">
      <Filter>libraries\DirectXTK</Filter>
    </ClInclude>
    <ClInclude Include="libraries\DirectXTK\EffectCommon.h">
      <Filter>libraries\DirectXTK</Filter>
    </ClInclude>
    <ClInclude Include="libraries\DirectXTK\Effects.h">
      <Filter>libraries\DirectXTK</Filter>
    </ClInclude>
    <ClInclude Include="libraries\DirectXTK\GeometricPrimitive.h">
      <Filter>libraries\DirectXTK</Filter>
    </ClInclude>
    <ClInclude Include="libraries\DirectXTK\GraphicsMemory.h">
      <Filter>libraries\DirectXTK</Filter>
    </ClInclude>
    <ClInclude Include="libraries\DirectXTK\Keyboard.h">
      <Filter>libraries\DirectXTK</Filter>
    </ClInclude>
    <ClInclude Include="libraries\DirectXTK\Mouse.h">
      <Filter>libraries\DirectXTK</Filter>
    </ClInclude>
    <ClInclude Include="libraries\DirectXTK\pch.h">
      <Filter>libraries\DirectXTK</Filter>
    </ClInclude>
    <ClInclude Include="libraries\DirectXTK\PlatformHelpers.h">
      <Filter>libraries\DirectXTK</Filter>
    </ClInclude>
    <ClInclude Include="libraries\DirectXTK\PrimitiveBatch.h">
      <Filter>libraries\DirectXTK</Filter>
    </ClInclude>
    <ClInclude Include="libraries\DirectXTK\ScreenGrab.h">
      <Filter>libraries\DirectXTK</Filter>
    </ClInclude>
    <ClInclude Include="libraries\DirectXTK\SharedResourcePool.h">
      <Filter>libraries\DirectXTK</Filter>
    </ClInclude>
    <ClInclude Include="libraries\DirectXTK\SimpleMath.h">
      <Filter>libraries\DirectXTK</Filter>
    </ClInclude>
    <ClInclude Include="libraries\DirectXTK\SpriteBatch.h">
      <Filter>libraries\DirectXTK</Filter>
    </ClInclude>
    <ClInclude Include="libraries\DirectXTK\SpriteFont.h">
      <Filter>libraries\DirectXTK</Filter>
    </ClInclude>
    <ClInclude Include="libraries\DirectXTK\VertexTypes.h">
      <Filter>libraries\DirectXTK</Filter>
    </ClInclude>
    <ClInclude Include="libraries\DirectXTK\WICTextureLoader.h">
      <Filter>libraries\DirectXTK</Filter>
    </ClInclude>
    <ClInclude Include="source\application.h">
      <Filter>source\headers</Filter>
    </ClInclude>
    <ClInclude Include="source\camera.h">
      <Filter>source\headers</Filter>
    </ClInclude>
    <ClInclude Include="source\dashboard.h">
      <Filter>source\headers</Filter>
    </ClInclude>
    <ClInclude Include="source\decal.h">
      <Filter>source\headers</Filter>
    </ClInclude>
    <ClInclude Include="source\framebuffer.h">
      <Filter>source\headers</Filter>
    </ClInclude>
    <ClInclude Include="source\generator.h">
      <Filter>source\headers</Filter>
    </ClInclude>
    <ClInclude Include="source\hash.h">
      <Filter>source\headers</Filter>
    </ClInclude>
    <ClInclude Include="source\light.h">
      <Filter>source\headers</Filter>
    </ClInclude>
    <ClInclude Include="source\mathematics.h">
      <Filter>source\headers</Filter>
    </ClInclude>
    <ClInclude Include="source\mesh.h">
      <Filter>source\headers</Filter>
    </ClInclude>
    <ClInclude Include="source\model.h">
      <Filter>source\headers</Filter>
    </ClInclude>
    <ClInclude Include="source\renderer.h">
      <Filter>source\headers</Filter>
    </ClInclude>
    <ClInclude Include="source\sampler.h">
      <Filter>source\headers</Filter>
    </ClInclude>
    <ClInclude Include="source\shader.h">
      <Filter>source\headers</Filter>
    </ClInclude>
    <ClInclude Include="source\stopwatch.h">
      <Filter>source\headers</Filter>
    </ClInclude>
    <ClInclude Include="source\structures.h">
      <Filter>source\headers</Filter>
    </ClInclude>
    <ClInclude Include="source\target.h">
      <Filter>source\headers</Filter>
    </ClInclude>
    <ClInclude Include="source\texture.h">
      <Filter>source\headers</Filter>
    </ClInclude>
    <ClInclude Include="source\utility.h">
      <Filter>source\headers</Filter>
    </ClInclude>
    <ClInclude Include="source\vertexbuffer.h">
      <Filter>source\headers</Filter>
    </ClInclude>
  </ItemGroup>
  <ItemGroup>
    <FxCompile Include="libraries\ImGui\imguips.hlsl">
      <Filter>libraries\ImGui</Filter>
    </FxCompile>
    <FxCompile Include="libraries\ImGui\imguivs.hlsl">
      <Filter>libraries\ImGui</Filter>
    </FxCompile>
    <FxCompile Include="shaders\decal.ps.hlsl">
      <Filter>shaders\pixel shaders</Filter>
    </FxCompile>
    <FxCompile Include="shaders\discolor.ps.hlsl">
      <Filter>shaders\pixel shaders</Filter>
    </FxCompile>
    <FxCompile Include="shaders\lambert.ps.hlsl">
      <Filter>shaders\pixel shaders</Filter>
    </FxCompile>
    <FxCompile Include="shaders\main.ps.hlsl">
      <Filter>shaders\pixel shaders</Filter>
    </FxCompile>
    <FxCompile Include="shaders\phong.ps.hlsl">
      <Filter>shaders\pixel shaders</Filter>
    </FxCompile>
    <FxCompile Include="shaders\patch.ps.hlsl">
      <Filter>shaders\pixel shaders</Filter>
    </FxCompile>
    <FxCompile Include="shaders\specular.ps.hlsl">
      <Filter>shaders\pixel shaders</Filter>
    </FxCompile>
    <FxCompile Include="shaders\stretch.ps.hlsl">
      <Filter>shaders\pixel shaders</Filter>
    </FxCompile>
    <FxCompile Include="shaders\ssss.ps.hlsl">
      <Filter>shaders\pixel shaders</Filter>
    </FxCompile>
    <FxCompile Include="shaders\wound.ps.hlsl">
      <Filter>shaders\pixel shaders</Filter>
    </FxCompile>
    <FxCompile Include="shaders\decal.vs.hlsl">
      <Filter>shaders\vertex shaders</Filter>
    </FxCompile>
    <FxCompile Include="shaders\depth.vs.hlsl">
      <Filter>shaders\vertex shaders</Filter>
    </FxCompile>
    <FxCompile Include="shaders\lambert.vs.hlsl">
      <Filter>shaders\vertex shaders</Filter>
    </FxCompile>
    <FxCompile Include="shaders\main.vs.hlsl">
      <Filter>shaders\vertex shaders</Filter>
    </FxCompile>
    <FxCompile Include="shaders\pass.vs.hlsl">
      <Filter>shaders\vertex shaders</Filter>
    </FxCompile>
    <FxCompile Include="shaders\passpos.vs.hlsl">
      <Filter>shaders\vertex shaders</Filter>
    </FxCompile>
    <FxCompile Include="shaders\phong.vs.hlsl">
      <Filter>shaders\vertex shaders</Filter>
    </FxCompile>
    <FxCompile Include="shaders\stretch.vs.hlsl">
      <Filter>shaders\vertex shaders</Filter>
    </FxCompile>
    <FxCompile Include="shaders\distance.h.hlsl">
      <Filter>shaders\headers</Filter>
    </FxCompile>
    <FxCompile Include="shaders\noise.h.hlsl">
      <Filter>shaders\headers</Filter>
    </FxCompile>
    <FxCompile Include="shaders\random.h.hlsl">
      <Filter>shaders\headers</Filter>
    </FxCompile>
  </ItemGroup>
  <ItemGroup>
    <Image Include="resources\textures\beckmann.dds">
      <Filter>resources\textures</Filter>
    </Image>
    <Image Include="resources\textures\irradiance.dds">
      <Filter>resources\textures</Filter>
    </Image>
    <Image Include="resources\headmesh\color.dds">
      <Filter>resources\headmesh</Filter>
    </Image>
    <Image Include="resources\headmesh\normal.dds">
      <Filter>resources\headmesh</Filter>
    </Image>
    <Image Include="resources\headmesh\occlusion.dds">
      <Filter>resources\headmesh</Filter>
    </Image>
    <Image Include="resources\headmesh\specular.dds">
      <Filter>resources\headmesh</Filter>
    </Image>
    <Image Include="resources\headmesh\discolor.dds">
      <Filter>resources\headmesh</Filter>
    </Image>
  </ItemGroup>
  <ItemGroup>
    <Object Include="resources\headmesh\mesh.obj">
      <Filter>resources\headmesh</Filter>
    </Object>
  </ItemGroup>
</Project>